
Microsoft Visual Studio Solution File, Format Version 12.00
# Visual Studio Version 16
VisualStudioVersion = 16.0.30621.155
MinimumVisualStudioVersion = 10.0.40219.1
Project("{FAE04EC0-301F-11D3-BF4B-00C04F79EFBC}") = "Семестр 2 лаба 3", "Семестр 2 лаба 3\Семестр 2 лаба 3.csproj", "{F4568035-7255-42DF-B4B6-51264586E421}"
EndProject
Global
	GlobalSection(SolutionConfigurationPlatforms) = preSolution
		Debug|Any CPU = Debug|Any CPU
		Release|Any CPU = Release|Any CPU
	EndGlobalSection
	GlobalSection(ProjectConfigurationPlatforms) = postSolution
		{F4568035-7255-42DF-B4B6-51264586E421}.Debug|Any CPU.ActiveCfg = Debug|Any CPU
		{F4568035-7255-42DF-B4B6-51264586E421}.Debug|Any CPU.Build.0 = Debug|Any CPU
		{F4568035-7255-42DF-B4B6-51264586E421}.Release|Any CPU.ActiveCfg = Release|Any CPU
		{F4568035-7255-42DF-B4B6-51264586E421}.Release|Any CPU.Build.0 = Release|Any CPU
	EndGlobalSection
	GlobalSection(SolutionProperties) = preSolution
		HideSolutionNode = FALSE
	EndGlobalSection
	GlobalSection(ExtensibilityGlobals) = postSolution
		SolutionGuid = {E22A9E8A-C8F7-443D-A8A1-F24418DBC81D}
	EndGlobalSection
EndGlobal
